
Microsoft Visual Studio Solution File, Format Version 12.00
# Visual Studio Version 17
VisualStudioVersion = 17.0.32112.339
MinimumVisualStudioVersion = 10.0.40219.1
Project("{FAE04EC0-301F-11D3-BF4B-00C04F79EFBC}") = "SnuffFromAndrey.Android", "SnuffFromAndrey\SnuffFromAndrey.Android\SnuffFromAndrey.Android.csproj", "{3A1495DB-4EA3-43F0-90B6-7699E8E2C396}"
EndProject
Project("{FAE04EC0-301F-11D3-BF4B-00C04F79EFBC}") = "SnuffFromAndrey.iOS", "SnuffFromAndrey\SnuffFromAndrey.iOS\SnuffFromAndrey.iOS.csproj", "{2B50905B-B6BF-4B97-9BBF-3B9AF15CB506}"
EndProject
Project("{FAE04EC0-301F-11D3-BF4B-00C04F79EFBC}") = "SnuffFromAndrey", "SnuffFromAndrey\SnuffFromAndrey\SnuffFromAndrey.csproj", "{7E7ACF3A-6818-4625-AEE7-EDB678266845}"
EndProject
Global
	GlobalSection(SolutionConfigurationPlatforms) = preSolution
		Debug|Any CPU = Debug|Any CPU
		Debug|iPhone = Debug|iPhone
		Debug|iPhoneSimulator = Debug|iPhoneSimulator
		Release|Any CPU = Release|Any CPU
		Release|iPhone = Release|iPhone
		Release|iPhoneSimulator = Release|iPhoneSimulator
	EndGlobalSection
	GlobalSection(ProjectConfigurationPlatforms) = postSolution
		{3A1495DB-4EA3-43F0-90B6-7699E8E2C396}.Debug|Any CPU.ActiveCfg = Debug|Any CPU
		{3A1495DB-4EA3-43F0-90B6-7699E8E2C396}.Debug|Any CPU.Build.0 = Debug|Any CPU
		{3A1495DB-4EA3-43F0-90B6-7699E8E2C396}.Debug|Any CPU.Deploy.0 = Debug|Any CPU
		{3A1495DB-4EA3-43F0-90B6-7699E8E2C396}.Debug|iPhone.ActiveCfg = Debug|Any CPU
		{3A1495DB-4EA3-43F0-90B6-7699E8E2C396}.Debug|iPhone.Build.0 = Debug|Any CPU
		{3A1495DB-4EA3-43F0-90B6-7699E8E2C396}.Debug|iPhone.Deploy.0 = Debug|Any CPU
		{3A1495DB-4EA3-43F0-90B6-7699E8E2C396}.Debug|iPhoneSimulator.ActiveCfg = Debug|Any CPU
		{3A1495DB-4EA3-43F0-90B6-7699E8E2C396}.Debug|iPhoneSimulator.Build.0 = Debug|Any CPU
		{3A1495DB-4EA3-43F0-90B6-7699E8E2C396}.Debug|iPhoneSimulator.Deploy.0 = Debug|Any CPU
		{3A1495DB-4EA3-43F0-90B6-7699E8E2C396}.Release|Any CPU.ActiveCfg = Release|Any CPU
		{3A1495DB-4EA3-43F0-90B6-7699E8E2C396}.Release|Any CPU.Build.0 = Release|Any CPU
		{3A1495DB-4EA3-43F0-90B6-7699E8E2C396}.Release|Any CPU.Deploy.0 = Release|Any CPU
		{3A1495DB-4EA3-43F0-90B6-7699E8E2C396}.Release|iPhone.ActiveCfg = Release|Any CPU
		{3A1495DB-4EA3-43F0-90B6-7699E8E2C396}.Release|iPhone.Build.0 = Release|Any CPU
		{3A1495DB-4EA3-43F0-90B6-7699E8E2C396}.Release|iPhone.Deploy.0 = Release|Any CPU
		{3A1495DB-4EA3-43F0-90B6-7699E8E2C396}.Release|iPhoneSimulator.ActiveCfg = Release|Any CPU
		{3A1495DB-4EA3-43F0-90B6-7699E8E2C396}.Release|iPhoneSimulator.Build.0 = Release|Any CPU
		{3A1495DB-4EA3-43F0-90B6-7699E8E2C396}.Release|iPhoneSimulator.Deploy.0 = Release|Any CPU
		{2B50905B-B6BF-4B97-9BBF-3B9AF15CB506}.Debug|Any CPU.ActiveCfg = Debug|iPhone
		{2B50905B-B6BF-4B97-9BBF-3B9AF15CB506}.Debug|Any CPU.Build.0 = Debug|iPhone
		{2B50905B-B6BF-4B97-9BBF-3B9AF15CB506}.Debug|Any CPU.Deploy.0 = Debug|iPhone
		{2B50905B-B6BF-4B97-9BBF-3B9AF15CB506}.Debug|iPhone.ActiveCfg = Debug|iPhone
		{2B50905B-B6BF-4B97-9BBF-3B9AF15CB506}.Debug|iPhone.Build.0 = Debug|iPhone
		{2B50905B-B6BF-4B97-9BBF-3B9AF15CB506}.Debug|iPhone.Deploy.0 = Debug|iPhone
		{2B50905B-B6BF-4B97-9BBF-3B9AF15CB506}.Debug|iPhoneSimulator.ActiveCfg = Debug|iPhoneSimulator
		{2B50905B-B6BF-4B97-9BBF-3B9AF15CB506}.Debug|iPhoneSimulator.Build.0 = Debug|iPhoneSimulator
		{2B50905B-B6BF-4B97-9BBF-3B9AF15CB506}.Debug|iPhoneSimulator.Deploy.0 = Debug|iPhoneSimulator
		{2B50905B-B6BF-4B97-9BBF-3B9AF15CB506}.Release|Any CPU.ActiveCfg = Release|iPhoneSimulator
		{2B50905B-B6BF-4B97-9BBF-3B9AF15CB506}.Release|Any CPU.Build.0 = Release|iPhoneSimulator
		{2B50905B-B6BF-4B97-9BBF-3B9AF15CB506}.Release|Any CPU.Deploy.0 = Release|iPhoneSimulator
		{2B50905B-B6BF-4B97-9BBF-3B9AF15CB506}.Release|iPhone.ActiveCfg = Release|iPhone
		{2B50905B-B6BF-4B97-9BBF-3B9AF15CB506}.Release|iPhone.Build.0 = Release|iPhone
		{2B50905B-B6BF-4B97-9BBF-3B9AF15CB506}.Release|iPhone.Deploy.0 = Release|iPhone
		{2B50905B-B6BF-4B97-9BBF-3B9AF15CB506}.Release|iPhoneSimulator.ActiveCfg = Release|iPhoneSimulator
		{2B50905B-B6BF-4B97-9BBF-3B9AF15CB506}.Release|iPhoneSimulator.Build.0 = Release|iPhoneSimulator
		{2B50905B-B6BF-4B97-9BBF-3B9AF15CB506}.Release|iPhoneSimulator.Deploy.0 = Release|iPhoneSimulator
		{7E7ACF3A-6818-4625-AEE7-EDB678266845}.Debug|Any CPU.ActiveCfg = Debug|Any CPU
		{7E7ACF3A-6818-4625-AEE7-EDB678266845}.Debug|Any CPU.Build.0 = Debug|Any CPU
		{7E7ACF3A-6818-4625-AEE7-EDB678266845}.Debug|Any CPU.Deploy.0 = Debug|Any CPU
		{7E7ACF3A-6818-4625-AEE7-EDB678266845}.Debug|iPhone.ActiveCfg = Debug|Any CPU
		{7E7ACF3A-6818-4625-AEE7-EDB678266845}.Debug|iPhone.Build.0 = Debug|Any CPU
		{7E7ACF3A-6818-4625-AEE7-EDB678266845}.Debug|iPhone.Deploy.0 = Debug|Any CPU
		{7E7ACF3A-6818-4625-AEE7-EDB678266845}.Debug|iPhoneSimulator.ActiveCfg = Debug|Any CPU
		{7E7ACF3A-6818-4625-AEE7-EDB678266845}.Debug|iPhoneSimulator.Build.0 = Debug|Any CPU
		{7E7ACF3A-6818-4625-AEE7-EDB678266845}.Debug|iPhoneSimulator.Deploy.0 = Debug|Any CPU
		{7E7ACF3A-6818-4625-AEE7-EDB678266845}.Release|Any CPU.ActiveCfg = Release|Any CPU
		{7E7ACF3A-6818-4625-AEE7-EDB678266845}.Release|Any CPU.Build.0 = Release|Any CPU
		{7E7ACF3A-6818-4625-AEE7-EDB678266845}.Release|Any CPU.Deploy.0 = Release|Any CPU
		{7E7ACF3A-6818-4625-AEE7-EDB678266845}.Release|iPhone.ActiveCfg = Release|Any CPU
		{7E7ACF3A-6818-4625-AEE7-EDB678266845}.Release|iPhone.Build.0 = Release|Any CPU
		{7E7ACF3A-6818-4625-AEE7-EDB678266845}.Release|iPhone.Deploy.0 = Release|Any CPU
		{7E7ACF3A-6818-4625-AEE7-EDB678266845}.Release|iPhoneSimulator.ActiveCfg = Release|Any CPU
		{7E7ACF3A-6818-4625-AEE7-EDB678266845}.Release|iPhoneSimulator.Build.0 = Release|Any CPU
		{7E7ACF3A-6818-4625-AEE7-EDB678266845}.Release|iPhoneSimulator.Deploy.0 = Release|Any CPU
	EndGlobalSection
	GlobalSection(SolutionProperties) = preSolution
		HideSolutionNode = FALSE
	EndGlobalSection
	GlobalSection(ExtensibilityGlobals) = postSolution
		SolutionGuid = {5A1253FA-95E5-4238-AD17-A106333E7490}
	EndGlobalSection
EndGlobal
